
Microsoft Visual Studio Solution File, Format Version 12.00
# Visual Studio Version 16
VisualStudioVersion = 16.0.30717.126
MinimumVisualStudioVersion = 10.0.40219.1
Project("{9A19103F-16F7-4668-BE54-9A1E7A4F7556}") = "DataAccess", "DataAccess\DataAccess.csproj", "{63511A88-F95A-4B4C-AEFC-65C657A61552}"
EndProject
Project("{9A19103F-16F7-4668-BE54-9A1E7A4F7556}") = "Business", "Business\Business.csproj", "{E30BD515-DB5E-4C02-BB79-D23504B595A5}"
EndProject
Project("{9A19103F-16F7-4668-BE54-9A1E7A4F7556}") = "Entities", "Entities\Entities.csproj", "{029C6FF7-DA23-44E7-B092-C696B3639654}"
EndProject
Project("{9A19103F-16F7-4668-BE54-9A1E7A4F7556}") = "ConsoleUI", "ConsoleUI\ConsoleUI.csproj", "{E1C9EFAD-5F6D-4FC2-9B2D-76FE84CEFF09}"
EndProject
Project("{9A19103F-16F7-4668-BE54-9A1E7A4F7556}") = "Core", "Core\Core.csproj", "{92EA06E0-4625-448D-8C55-13AB4AF012D1}"
EndProject
Project("{FAE04EC0-301F-11D3-BF4B-00C04F79EFBC}") = "WebAPI", "WebAPI\WebAPI.csproj", "{4C6DACB3-6E96-4357-AD62-7251D23651D5}"
EndProject
Global
	GlobalSection(SolutionConfigurationPlatforms) = preSolution
		Debug|Any CPU = Debug|Any CPU
		Release|Any CPU = Release|Any CPU
	EndGlobalSection
	GlobalSection(ProjectConfigurationPlatforms) = postSolution
		{63511A88-F95A-4B4C-AEFC-65C657A61552}.Debug|Any CPU.ActiveCfg = Debug|Any CPU
		{63511A88-F95A-4B4C-AEFC-65C657A61552}.Debug|Any CPU.Build.0 = Debug|Any CPU
		{63511A88-F95A-4B4C-AEFC-65C657A61552}.Release|Any CPU.ActiveCfg = Release|Any CPU
		{63511A88-F95A-4B4C-AEFC-65C657A61552}.Release|Any CPU.Build.0 = Release|Any CPU
		{E30BD515-DB5E-4C02-BB79-D23504B595A5}.Debug|Any CPU.ActiveCfg = Debug|Any CPU
		{E30BD515-DB5E-4C02-BB79-D23504B595A5}.Debug|Any CPU.Build.0 = Debug|Any CPU
		{E30BD515-DB5E-4C02-BB79-D23504B595A5}.Release|Any CPU.ActiveCfg = Release|Any CPU
		{E30BD515-DB5E-4C02-BB79-D23504B595A5}.Release|Any CPU.Build.0 = Release|Any CPU
		{029C6FF7-DA23-44E7-B092-C696B3639654}.Debug|Any CPU.ActiveCfg = Debug|Any CPU
		{029C6FF7-DA23-44E7-B092-C696B3639654}.Debug|Any CPU.Build.0 = Debug|Any CPU
		{029C6FF7-DA23-44E7-B092-C696B3639654}.Release|Any CPU.ActiveCfg = Release|Any CPU
		{029C6FF7-DA23-44E7-B092-C696B3639654}.Release|Any CPU.Build.0 = Release|Any CPU
		{E1C9EFAD-5F6D-4FC2-9B2D-76FE84CEFF09}.Debug|Any CPU.ActiveCfg = Debug|Any CPU
		{E1C9EFAD-5F6D-4FC2-9B2D-76FE84CEFF09}.Debug|Any CPU.Build.0 = Debug|Any CPU
		{E1C9EFAD-5F6D-4FC2-9B2D-76FE84CEFF09}.Release|Any CPU.ActiveCfg = Release|Any CPU
		{E1C9EFAD-5F6D-4FC2-9B2D-76FE84CEFF09}.Release|Any CPU.Build.0 = Release|Any CPU
		{92EA06E0-4625-448D-8C55-13AB4AF012D1}.Debug|Any CPU.ActiveCfg = Debug|Any CPU
		{92EA06E0-4625-448D-8C55-13AB4AF012D1}.Debug|Any CPU.Build.0 = Debug|Any CPU
		{92EA06E0-4625-448D-8C55-13AB4AF012D1}.Release|Any CPU.ActiveCfg = Release|Any CPU
		{92EA06E0-4625-448D-8C55-13AB4AF012D1}.Release|Any CPU.Build.0 = Release|Any CPU
		{4C6DACB3-6E96-4357-AD62-7251D23651D5}.Debug|Any CPU.ActiveCfg = Debug|Any CPU
		{4C6DACB3-6E96-4357-AD62-7251D23651D5}.Debug|Any CPU.Build.0 = Debug|Any CPU
		{4C6DACB3-6E96-4357-AD62-7251D23651D5}.Release|Any CPU.ActiveCfg = Release|Any CPU
		{4C6DACB3-6E96-4357-AD62-7251D23651D5}.Release|Any CPU.Build.0 = Release|Any CPU
	EndGlobalSection
	GlobalSection(SolutionProperties) = preSolution
		HideSolutionNode = FALSE
	EndGlobalSection
	GlobalSection(ExtensibilityGlobals) = postSolution
		SolutionGuid = {C28B8BFD-DD0A-4CA4-8822-0FE9F0EBB37E}
	EndGlobalSection
EndGlobal
